
Microsoft Visual Studio Solution File, Format Version 12.00
# Visual Studio Version 16
VisualStudioVersion = 16.0.30114.105
MinimumVisualStudioVersion = 10.0.40219.1
Project("{FAE04EC0-301F-11D3-BF4B-00C04F79EFBC}") = "MarketAssistant.Web", "MarketAssistant.Web\MarketAssistant.Web.csproj", "{9FB4D049-4A67-4530-A349-ECD483372706}"
EndProject
Project("{FAE04EC0-301F-11D3-BF4B-00C04F79EFBC}") = "MarketAssistant.Business", "MarketAssistant.Business\MarketAssistant.Business.csproj", "{0F55B1C7-FFAA-4BA9-BDBF-AA5231727AF4}"
EndProject
Project("{FAE04EC0-301F-11D3-BF4B-00C04F79EFBC}") = "MarketAssistant.Data", "MarketAssistant.Data\MarketAssistant.Data.csproj", "{6AC34027-EF42-4FA3-92CF-C120FFE45CB1}"
EndProject
Project("{FAE04EC0-301F-11D3-BF4B-00C04F79EFBC}") = "MarketAssistant.Models", "MarketAssistant.Models\MarketAssistant.Models.csproj", "{E586AC8A-5219-447A-B57B-B81A2F6F4D31}"
EndProject
Project("{FAE04EC0-301F-11D3-BF4B-00C04F79EFBC}") = "MarketAssistant.IBusiness", "MarketAssistant.IBusiness\MarketAssistant.IBusiness.csproj", "{ADBF9B5B-070A-4E24-A1A8-4398B7C5CC0F}"
EndProject
Global
	GlobalSection(SolutionConfigurationPlatforms) = preSolution
		Debug|Any CPU = Debug|Any CPU
		Release|Any CPU = Release|Any CPU
	EndGlobalSection
	GlobalSection(SolutionProperties) = preSolution
		HideSolutionNode = FALSE
	EndGlobalSection
	GlobalSection(ProjectConfigurationPlatforms) = postSolution
		{0F55B1C7-FFAA-4BA9-BDBF-AA5231727AF4}.Debug|Any CPU.ActiveCfg = Debug|Any CPU
		{0F55B1C7-FFAA-4BA9-BDBF-AA5231727AF4}.Debug|Any CPU.Build.0 = Debug|Any CPU
		{0F55B1C7-FFAA-4BA9-BDBF-AA5231727AF4}.Release|Any CPU.ActiveCfg = Release|Any CPU
		{0F55B1C7-FFAA-4BA9-BDBF-AA5231727AF4}.Release|Any CPU.Build.0 = Release|Any CPU
		{6AC34027-EF42-4FA3-92CF-C120FFE45CB1}.Debug|Any CPU.ActiveCfg = Debug|Any CPU
		{6AC34027-EF42-4FA3-92CF-C120FFE45CB1}.Debug|Any CPU.Build.0 = Debug|Any CPU
		{6AC34027-EF42-4FA3-92CF-C120FFE45CB1}.Release|Any CPU.ActiveCfg = Release|Any CPU
		{6AC34027-EF42-4FA3-92CF-C120FFE45CB1}.Release|Any CPU.Build.0 = Release|Any CPU
		{E586AC8A-5219-447A-B57B-B81A2F6F4D31}.Debug|Any CPU.ActiveCfg = Debug|Any CPU
		{E586AC8A-5219-447A-B57B-B81A2F6F4D31}.Debug|Any CPU.Build.0 = Debug|Any CPU
		{E586AC8A-5219-447A-B57B-B81A2F6F4D31}.Release|Any CPU.ActiveCfg = Release|Any CPU
		{E586AC8A-5219-447A-B57B-B81A2F6F4D31}.Release|Any CPU.Build.0 = Release|Any CPU
		{9FB4D049-4A67-4530-A349-ECD483372706}.Debug|Any CPU.ActiveCfg = Debug|Any CPU
		{9FB4D049-4A67-4530-A349-ECD483372706}.Debug|Any CPU.Build.0 = Debug|Any CPU
		{9FB4D049-4A67-4530-A349-ECD483372706}.Release|Any CPU.ActiveCfg = Release|Any CPU
		{9FB4D049-4A67-4530-A349-ECD483372706}.Release|Any CPU.Build.0 = Release|Any CPU
		{ADBF9B5B-070A-4E24-A1A8-4398B7C5CC0F}.Debug|Any CPU.ActiveCfg = Debug|Any CPU
		{ADBF9B5B-070A-4E24-A1A8-4398B7C5CC0F}.Debug|Any CPU.Build.0 = Debug|Any CPU
		{ADBF9B5B-070A-4E24-A1A8-4398B7C5CC0F}.Release|Any CPU.ActiveCfg = Release|Any CPU
		{ADBF9B5B-070A-4E24-A1A8-4398B7C5CC0F}.Release|Any CPU.Build.0 = Release|Any CPU
	EndGlobalSection
EndGlobal
